
Microsoft Visual Studio Solution File, Format Version 12.00
# Visual Studio Version 17
VisualStudioVersion = 17.0.32126.317
MinimumVisualStudioVersion = 10.0.40219.1
Project("{FAE04EC0-301F-11D3-BF4B-00C04F79EFBC}") = "WebApplication1", "WebApplication1\WebApplication1.csproj", "{C5AE05E7-195F-44F6-8782-4A01354AF3FF}"
EndProject
Global
	GlobalSection(SolutionConfigurationPlatforms) = preSolution
		Debug|Any CPU = Debug|Any CPU
		Release|Any CPU = Release|Any CPU
	EndGlobalSection
	GlobalSection(ProjectConfigurationPlatforms) = postSolution
		{C5AE05E7-195F-44F6-8782-4A01354AF3FF}.Debug|Any CPU.ActiveCfg = Debug|Any CPU
		{C5AE05E7-195F-44F6-8782-4A01354AF3FF}.Debug|Any CPU.Build.0 = Debug|Any CPU
		{C5AE05E7-195F-44F6-8782-4A01354AF3FF}.Release|Any CPU.ActiveCfg = Release|Any CPU
		{C5AE05E7-195F-44F6-8782-4A01354AF3FF}.Release|Any CPU.Build.0 = Release|Any CPU
	EndGlobalSection
	GlobalSection(SolutionProperties) = preSolution
		HideSolutionNode = FALSE
	EndGlobalSection
	GlobalSection(ExtensibilityGlobals) = postSolution
		SolutionGuid = {5FFC219D-C825-4739-80DF-6AB7C3D653A1}
	EndGlobalSection
EndGlobal
